
Microsoft Visual Studio Solution File, Format Version 12.00
# Visual Studio Version 17
VisualStudioVersion = 17.12.35728.132 d17.12
MinimumVisualStudioVersion = 10.0.40219.1
Project("{FAE04EC0-301F-11D3-BF4B-00C04F79EFBC}") = "DOTNET_Day-1", "DOTNET_Day-1.csproj", "{2C8EF9EB-CA4C-4753-A751-8453908B8557}"
EndProject
Global
	GlobalSection(SolutionConfigurationPlatforms) = preSolution
		Debug|Any CPU = Debug|Any CPU
		Release|Any CPU = Release|Any CPU
	EndGlobalSection
	GlobalSection(ProjectConfigurationPlatforms) = postSolution
		{2C8EF9EB-CA4C-4753-A751-8453908B8557}.Debug|Any CPU.ActiveCfg = Debug|Any CPU
		{2C8EF9EB-CA4C-4753-A751-8453908B8557}.Debug|Any CPU.Build.0 = Debug|Any CPU
		{2C8EF9EB-CA4C-4753-A751-8453908B8557}.Release|Any CPU.ActiveCfg = Release|Any CPU
		{2C8EF9EB-CA4C-4753-A751-8453908B8557}.Release|Any CPU.Build.0 = Release|Any CPU
	EndGlobalSection
	GlobalSection(SolutionProperties) = preSolution
		HideSolutionNode = FALSE
	EndGlobalSection
EndGlobal
